Microsoft Visual Studio Solution File, Format Version 12.00
# Visual Studio 15
VisualStudioVersion = 15.0.26430.16
MinimumVisualStudioVersion = 10.0.40219.1
Project("{2150E333-8FDC-42A3-9474-1A3956D46DE8}") = "src", "src", "{2D5D5227-4DBD-499A-96B1-76A36B03B750}"
EndProject
Project("{9A19103F-16F7-4668-BE54-9A1E7A4F7556}") = "Kestrel.Core", "src\Kestrel.Core\Kestrel.Core.csproj", "{F510611A-3BEE-4B88-A613-5F4A74ED82A1}"
EndProject
Project("{9A19103F-16F7-4668-BE54-9A1E7A4F7556}") = "Kestrel.Https", "src\Kestrel.Https\Kestrel.Https.csproj", "{5F64B3C3-0C2E-431A-B820-A81BBFC863DA}"
EndProject
Project("{9A19103F-16F7-4668-BE54-9A1E7A4F7556}") = "Kestrel.Transport.Libuv", "src\Kestrel.Transport.Libuv\Kestrel.Transport.Libuv.csproj", "{A76B8C8C-0DC5-4DD3-9B1F-02E51A0915F4}"
EndProject
Project("{9A19103F-16F7-4668-BE54-9A1E7A4F7556}") = "Kestrel", "src\Kestrel\Kestrel.csproj", "{56139957-5C29-4E7D-89BD-7D20598B4EAF}"
EndProject
Project("{9A19103F-16F7-4668-BE54-9A1E7A4F7556}") = "Kestrel.Transport.Sockets", "src\Kestrel.Transport.Sockets\Kestrel.Transport.Sockets.csproj", "{6950B18F-A3D2-41A4-AFEC-8B7C49517611}"
EndProject
Project("{9A19103F-16F7-4668-BE54-9A1E7A4F7556}") = "Kestrel.Transport.Abstractions", "src\Kestrel.Transport.Abstractions\Kestrel.Transport.Abstractions.csproj", "{2E9CB89D-EC8F-4DD9-A72B-08D5BABF752D}"
EndProject
Global
	GlobalSection(SolutionConfigurationPlatforms) = preSolution
		Debug|Any CPU = Debug|Any CPU
		Debug|x64 = Debug|x64
		Debug|x86 = Debug|x86
		Release|Any CPU = Release|Any CPU
		Release|x64 = Release|x64
		Release|x86 = Release|x86
	EndGlobalSection
	GlobalSection(ProjectConfigurationPlatforms) = postSolution
		{F510611A-3BEE-4B88-A613-5F4A74ED82A1}.Debug|Any CPU.ActiveCfg = Debug|Any CPU
		{F510611A-3BEE-4B88-A613-5F4A74ED82A1}.Debug|Any CPU.Build.0 = Debug|Any CPU
		{F510611A-3BEE-4B88-A613-5F4A74ED82A1}.Debug|x64.ActiveCfg = Debug|Any CPU
		{F510611A-3BEE-4B88-A613-5F4A74ED82A1}.Debug|x64.Build.0 = Debug|Any CPU
		{F510611A-3BEE-4B88-A613-5F4A74ED82A1}.Debug|x86.ActiveCfg = Debug|Any CPU
		{F510611A-3BEE-4B88-A613-5F4A74ED82A1}.Debug|x86.Build.0 = Debug|Any CPU
		{F510611A-3BEE-4B88-A613-5F4A74ED82A1}.Release|Any CPU.ActiveCfg = Release|Any CPU
		{F510611A-3BEE-4B88-A613-5F4A74ED82A1}.Release|Any CPU.Build.0 = Release|Any CPU
		{F510611A-3BEE-4B88-A613-5F4A74ED82A1}.Release|x64.ActiveCfg = Release|Any CPU
		{F510611A-3BEE-4B88-A613-5F4A74ED82A1}.Release|x64.Build.0 = Release|Any CPU
		{F510611A-3BEE-4B88-A613-5F4A74ED82A1}.Release|x86.ActiveCfg = Release|Any CPU
		{F510611A-3BEE-4B88-A613-5F4A74ED82A1}.Release|x86.Build.0 = Release|Any CPU
		{5F64B3C3-0C2E-431A-B820-A81BBFC863DA}.Debug|Any CPU.ActiveCfg = Debug|Any CPU
		{5F64B3C3-0C2E-431A-B820-A81BBFC863DA}.Debug|Any CPU.Build.0 = Debug|Any CPU
		{5F64B3C3-0C2E-431A-B820-A81BBFC863DA}.Debug|x64.ActiveCfg = Debug|Any CPU
		{5F64B3C3-0C2E-431A-B820-A81BBFC863DA}.Debug|x64.Build.0 = Debug|Any CPU
		{5F64B3C3-0C2E-431A-B820-A81BBFC863DA}.Debug|x86.ActiveCfg = Debug|Any CPU
		{5F64B3C3-0C2E-431A-B820-A81BBFC863DA}.Debug|x86.Build.0 = Debug|Any CPU
		{5F64B3C3-0C2E-431A-B820-A81BBFC863DA}.Release|Any CPU.ActiveCfg = Release|Any CPU
		{5F64B3C3-0C2E-431A-B820-A81BBFC863DA}.Release|Any CPU.Build.0 = Release|Any CPU
		{5F64B3C3-0C2E-431A-B820-A81BBFC863DA}.Release|x64.ActiveCfg = Release|Any CPU
		{5F64B3C3-0C2E-431A-B820-A81BBFC863DA}.Release|x64.Build.0 = Release|Any CPU
		{5F64B3C3-0C2E-431A-B820-A81BBFC863DA}.Release|x86.ActiveCfg = Release|Any CPU
		{5F64B3C3-0C2E-431A-B820-A81BBFC863DA}.Release|x86.Build.0 = Release|Any CPU
		{A76B8C8C-0DC5-4DD3-9B1F-02E51A0915F4}.Debug|Any CPU.ActiveCfg = Debug|Any CPU
		{A76B8C8C-0DC5-4DD3-9B1F-02E51A0915F4}.Debug|Any CPU.Build.0 = Debug|Any CPU
		{A76B8C8C-0DC5-4DD3-9B1F-02E51A0915F4}.Debug|x64.ActiveCfg = Debug|Any CPU
		{A76B8C8C-0DC5-4DD3-9B1F-02E51A0915F4}.Debug|x64.Build.0 = Debug|Any CPU
		{A76B8C8C-0DC5-4DD3-9B1F-02E51A0915F4}.Debug|x86.ActiveCfg = Debug|Any CPU
		{A76B8C8C-0DC5-4DD3-9B1F-02E51A0915F4}.Debug|x86.Build.0 = Debug|Any CPU
		{A76B8C8C-0DC5-4DD3-9B1F-02E51A0915F4}.Release|Any CPU.ActiveCfg = Release|Any CPU
		{A76B8C8C-0DC5-4DD3-9B1F-02E51A0915F4}.Release|Any CPU.Build.0 = Release|Any CPU
		{A76B8C8C-0DC5-4DD3-9B1F-02E51A0915F4}.Release|x64.ActiveCfg = Release|Any CPU
		{A76B8C8C-0DC5-4DD3-9B1F-02E51A0915F4}.Release|x64.Build.0 = Release|Any CPU
		{A76B8C8C-0DC5-4DD3-9B1F-02E51A0915F4}.Release|x86.ActiveCfg = Release|Any CPU
		{A76B8C8C-0DC5-4DD3-9B1F-02E51A0915F4}.Release|x86.Build.0 = Release|Any CPU
		{56139957-5C29-4E7D-89BD-7D20598B4EAF}.Debug|Any CPU.ActiveCfg = Debug|Any CPU
		{56139957-5C29-4E7D-89BD-7D20598B4EAF}.Debug|Any CPU.Build.0 = Debug|Any CPU
		{56139957-5C29-4E7D-89BD-7D20598B4EAF}.Debug|x64.ActiveCfg = Debug|Any CPU
		{56139957-5C29-4E7D-89BD-7D20598B4EAF}.Debug|x64.Build.0 = Debug|Any CPU
		{56139957-5C29-4E7D-89BD-7D20598B4EAF}.Debug|x86.ActiveCfg = Debug|Any CPU
		{56139957-5C29-4E7D-89BD-7D20598B4EAF}.Debug|x86.Build.0 = Debug|Any CPU
		{56139957-5C29-4E7D-89BD-7D20598B4EAF}.Release|Any CPU.ActiveCfg = Release|Any CPU
		{56139957-5C29-4E7D-89BD-7D20598B4EAF}.Release|Any CPU.Build.0 = Release|Any CPU
		{56139957-5C29-4E7D-89BD-7D20598B4EAF}.Release|x64.ActiveCfg = Release|Any CPU
		{56139957-5C29-4E7D-89BD-7D20598B4EAF}.Release|x64.Build.0 = Release|Any CPU
		{56139957-5C29-4E7D-89BD-7D20598B4EAF}.Release|x86.ActiveCfg = Release|Any CPU
		{56139957-5C29-4E7D-89BD-7D20598B4EAF}.Release|x86.Build.0 = Release|Any CPU
		{6950B18F-A3D2-41A4-AFEC-8B7C49517611}.Debug|Any CPU.ActiveCfg = Debug|Any CPU
		{6950B18F-A3D2-41A4-AFEC-8B7C49517611}.Debug|Any CPU.Build.0 = Debug|Any CPU
		{6950B18F-A3D2-41A4-AFEC-8B7C49517611}.Debug|x64.ActiveCfg = Debug|Any CPU
		{6950B18F-A3D2-41A4-AFEC-8B7C49517611}.Debug|x64.Build.0 = Debug|Any CPU
		{6950B18F-A3D2-41A4-AFEC-8B7C49517611}.Debug|x86.ActiveCfg = Debug|Any CPU
		{6950B18F-A3D2-41A4-AFEC-8B7C49517611}.Debug|x86.Build.0 = Debug|Any CPU
		{6950B18F-A3D2-41A4-AFEC-8B7C49517611}.Release|Any CPU.ActiveCfg = Release|Any CPU
		{6950B18F-A3D2-41A4-AFEC-8B7C49517611}.Release|Any CPU.Build.0 = Release|Any CPU
		{6950B18F-A3D2-41A4-AFEC-8B7C49517611}.Release|x64.ActiveCfg = Release|Any CPU
		{6950B18F-A3D2-41A4-AFEC-8B7C49517611}.Release|x64.Build.0 = Release|Any CPU
		{6950B18F-A3D2-41A4-AFEC-8B7C49517611}.Release|x86.ActiveCfg = Release|Any CPU
		{6950B18F-A3D2-41A4-AFEC-8B7C49517611}.Release|x86.Build.0 = Release|Any CPU
		{2E9CB89D-EC8F-4DD9-A72B-08D5BABF752D}.Debug|Any CPU.ActiveCfg = Debug|Any CPU
		{2E9CB89D-EC8F-4DD9-A72B-08D5BABF752D}.Debug|Any CPU.Build.0 = Debug|Any CPU
		{2E9CB89D-EC8F-4DD9-A72B-08D5BABF752D}.Debug|x64.ActiveCfg = Debug|Any CPU
		{2E9CB89D-EC8F-4DD9-A72B-08D5BABF752D}.Debug|x64.Build.0 = Debug|Any CPU
		{2E9CB89D-EC8F-4DD9-A72B-08D5BABF752D}.Debug|x86.ActiveCfg = Debug|Any CPU
		{2E9CB89D-EC8F-4DD9-A72B-08D5BABF752D}.Debug|x86.Build.0 = Debug|Any CPU
		{2E9CB89D-EC8F-4DD9-A72B-08D5BABF752D}.Release|Any CPU.ActiveCfg = Release|Any CPU
		{2E9CB89D-EC8F-4DD9-A72B-08D5BABF752D}.Release|Any CPU.Build.0 = Release|Any CPU
		{2E9CB89D-EC8F-4DD9-A72B-08D5BABF752D}.Release|x64.ActiveCfg = Release|Any CPU
		{2E9CB89D-EC8F-4DD9-A72B-08D5BABF752D}.Release|x64.Build.0 = Release|Any CPU
		{2E9CB89D-EC8F-4DD9-A72B-08D5BABF752D}.Release|x86.ActiveCfg = Release|Any CPU
		{2E9CB89D-EC8F-4DD9-A72B-08D5BABF752D}.Release|x86.Build.0 = Release|Any CPU
	EndGlobalSection
	GlobalSection(SolutionProperties) = preSolution
		HideSolutionNode = FALSE
	EndGlobalSection
	GlobalSection(NestedProjects) = preSolution
		{F510611A-3BEE-4B88-A613-5F4A74ED82A1} = {2D5D5227-4DBD-499A-96B1-76A36B03B750}
		{5F64B3C3-0C2E-431A-B820-A81BBFC863DA} = {2D5D5227-4DBD-499A-96B1-76A36B03B750}
		{A76B8C8C-0DC5-4DD3-9B1F-02E51A0915F4} = {2D5D5227-4DBD-499A-96B1-76A36B03B750}
		{56139957-5C29-4E7D-89BD-7D20598B4EAF} = {2D5D5227-4DBD-499A-96B1-76A36B03B750}
		{6950B18F-A3D2-41A4-AFEC-8B7C49517611} = {2D5D5227-4DBD-499A-96B1-76A36B03B750}
		{2E9CB89D-EC8F-4DD9-A72B-08D5BABF752D} = {2D5D5227-4DBD-499A-96B1-76A36B03B750}
	EndGlobalSection
	GlobalSection(ExtensibilityGlobals) = postSolution
		SolutionGuid = {2D10D020-6770-47CA-BB8D-2C23FE3AE071}
	EndGlobalSection
EndGlobal
